// !$*UTF8*$!
{
	archiveVersion = 1;
	classes = {
	};
	objectVersion = 50;
	objects = {

/* Begin PBXBuildFile section */
		2A675CBA223AF6ED00277458 /* AppDelegate.swift in Sources */ = {isa = PBXBuildFile; fileRef = 2A675CB9223AF6ED00277458 /* AppDelegate.swift */; };
		2A675CBC223AF6ED00277458 /* SchoolsTableViewController.swift in Sources */ = {isa = PBXBuildFile; fileRef = 2A675CBB223AF6ED00277458 /* SchoolsTableViewController.swift */; };
		2A675CBE223AF6ED00277458 /* TeamsTableViewController.swift in Sources */ = {isa = PBXBuildFile; fileRef = 2A675CBD223AF6ED00277458 /* TeamsTableViewController.swift */; };
		2A675CC1223AF6ED00277458 /* Main.storyboard in Resources */ = {isa = PBXBuildFile; fileRef = 2A675CBF223AF6ED00277458 /* Main.storyboard */; };
		2A675CC3223AF6EE00277458 /* Assets.xcassets in Resources */ = {isa = PBXBuildFile; fileRef = 2A675CC2223AF6EE00277458 /* Assets.xcassets */; };
		2A675CC6223AF6EE00277458 /* LaunchScreen.storyboard in Resources */ = {isa = PBXBuildFile; fileRef = 2A675CC4223AF6EE00277458 /* LaunchScreen.storyboard */; };
		2A7F4D3A223B087500E046F8 /* Models.swift in Sources */ = {isa = PBXBuildFile; fileRef = 2A7F4D39223B087400E046F8 /* Models.swift */; };
		2A7F4D3C223B0A1C00E046F8 /* StudentsViewController.swift in Sources */ = {isa = PBXBuildFile; fileRef = 2A7F4D3B223B0A1C00E046F8 /* StudentsViewController.swift */; };
		2A7F4D3E223B0B4600E046F8 /* NewTeamViewController.swift in Sources */ = {isa = PBXBuildFile; fileRef = 2A7F4D3D223B0B4600E046F8 /* NewTeamViewController.swift */; };
		2A7F4D40223B0E8C00E046F8 /* NewSchoolViewController.swift in Sources */ = {isa = PBXBuildFile; fileRef = 2A7F4D3F223B0E8C00E046F8 /* NewSchoolViewController.swift */; };
/* End PBXBuildFile section */

/* Begin PBXFileReference section */
		2A675CB6223AF6ED00277458 /* The Northwest Programming Contest.app */ = {isa = PBXFileReference; explicitFileType = wrapper.application; includeInIndex = 0; path = "The Northwest Programming Contest.app"; sourceTree = BUILT_PRODUCTS_DIR; };
		2A675CB9223AF6ED00277458 /* AppDelegate.swift */ = {isa = PBXFileReference; lastKnownFileType = sourcecode.swift; path = AppDelegate.swift; sourceTree = "<group>"; };
		2A675CBB223AF6ED00277458 /* SchoolsTableViewController.swift */ = {isa = PBXFileReference; lastKnownFileType = sourcecode.swift; path = SchoolsTableViewController.swift; sourceTree = "<group>"; };
		2A675CBD223AF6ED00277458 /* TeamsTableViewController.swift */ = {isa = PBXFileReference; lastKnownFileType = sourcecode.swift; path = TeamsTableViewController.swift; sourceTree = "<group>"; };
		2A675CC0223AF6ED00277458 /* Base */ = {isa = PBXFileReference; lastKnownFileType = file.storyboard; name = Base; path = Base.lproj/Main.storyboard; sourceTree = "<group>"; };
		2A675CC2223AF6EE00277458 /* Assets.xcassets */ = {isa = PBXFileReference; lastKnownFileType = folder.assetcatalog; path = Assets.xcassets; sourceTree = "<group>"; };
		2A675CC5223AF6EE00277458 /* Base */ = {isa = PBXFileReference; lastKnownFileType = file.storyboard; name = Base; path = Base.lproj/LaunchScreen.storyboard; sourceTree = "<group>"; };
		2A675CC7223AF6EE00277458 /* Info.plist */ = {isa = PBXFileReference; lastKnownFileType = text.plist.xml; path = Info.plist; sourceTree = "<group>"; };
		2A7F4D39223B087400E046F8 /* Models.swift */ = {isa = PBXFileReference; lastKnownFileType = sourcecode.swift; path = Models.swift; sourceTree = "<group>"; };
		2A7F4D3B223B0A1C00E046F8 /* StudentsViewController.swift */ = {isa = PBXFileReference; lastKnownFileType = sourcecode.swift; path = StudentsViewController.swift; sourceTree = "<group>"; };
		2A7F4D3D223B0B4600E046F8 /* NewTeamViewController.swift */ = {isa = PBXFileReference; lastKnownFileType = sourcecode.swift; path = NewTeamViewController.swift; sourceTree = "<group>"; };
		2A7F4D3F223B0E8C00E046F8 /* NewSchoolViewController.swift */ = {isa = PBXFileReference; lastKnownFileType = sourcecode.swift; path = NewSchoolViewController.swift; sourceTree = "<group>"; };
/* End PBXFileReference section */

/* Begin PBXFrameworksBuildPhase section */
		2A675CB3223AF6ED00277458 /* Frameworks */ = {
			isa = PBXFrameworksBuildPhase;
			buildActionMask = 2147483647;
			files = (
			);
			runOnlyForDeploymentPostprocessing = 0;
		};
/* End PBXFrameworksBuildPhase section */

/* Begin PBXGroup section */
		2A675CAD223AF6ED00277458 = {
			isa = PBXGroup;
			children = (
				2A675CB8223AF6ED00277458 /* The Northwest Programming Contest */,
				2A675CB7223AF6ED00277458 /* Products */,
			);
			sourceTree = "<group>";
		};
		2A675CB7223AF6ED00277458 /* Products */ = {
			isa = PBXGroup;
			children = (
				2A675CB6223AF6ED00277458 /* The Northwest Programming Contest.app */,
			);
			name = Products;
			sourceTree = "<group>";
		};
		2A675CB8223AF6ED00277458 /* The Northwest Programming Contest */ = {
			isa = PBXGroup;
			children = (
				2A675CB9223AF6ED00277458 /* AppDelegate.swift */,
				2A7F4D3F223B0E8C00E046F8 /* NewSchoolViewController.swift */,
				2A7F4D39223B087400E046F8 /* Models.swift */,
				2A675CBB223AF6ED00277458 /* SchoolsTableViewController.swift */,
				2A7F4D3D223B0B4600E046F8 /* NewTeamViewController.swift */,
				2A7F4D3B223B0A1C00E046F8 /* StudentsViewController.swift */,
				2A675CBD223AF6ED00277458 /* TeamsTableViewController.swift */,
				2A675CBF223AF6ED00277458 /* Main.storyboard */,
				2A675CC2223AF6EE00277458 /* Assets.xcassets */,
				2A675CC4223AF6EE00277458 /* LaunchScreen.storyboard */,
				2A675CC7223AF6EE00277458 /* Info.plist */,
			);
			path = "The Northwest Programming Contest";
			sourceTree = "<group>";
		};
/* End PBXGroup section */

/* Begin PBXNativeTarget section */
		2A675CB5223AF6ED00277458 /* The Northwest Programming Contest */ = {
			isa = PBXNativeTarget;
			buildConfigurationList = 2A675CCA223AF6EE00277458 /* Build configuration list for PBXNativeTarget "The Northwest Programming Contest" */;
			buildPhases = (
				2A675CB2223AF6ED00277458 /* Sources */,
				2A675CB3223AF6ED00277458 /* Frameworks */,
				2A675CB4223AF6ED00277458 /* Resources */,
			);
			buildRules = (
			);
			dependencies = (
			);
			name = "The Northwest Programming Contest";
			productName = "The Northwest Programming Contest";
			productReference = 2A675CB6223AF6ED00277458 /* The Northwest Programming Contest.app */;
			productType = "com.apple.product-type.application";
		};
/* End PBXNativeTarget section */

/* Begin PBXProject section */
		2A675CAE223AF6ED00277458 /* Project object */ = {
			isa = PBXProject;
			attributes = {
				LastSwiftUpdateCheck = 1010;
				LastUpgradeCheck = 1010;
				ORGANIZATIONNAME = "Rahul  Reddy";
				TargetAttributes = {
					2A675CB5223AF6ED00277458 = {
						CreatedOnToolsVersion = 10.1;
					};
				};
			};
			buildConfigurationList = 2A675CB1223AF6ED00277458 /* Build configuration list for PBXProject "The Northwest Programming Contest" */;
			compatibilityVersion = "Xcode 9.3";
			developmentRegion = en;
			hasScannedForEncodings = 0;
			knownRegions = (
				en,
				Base,
			);
			mainGroup = 2A675CAD223AF6ED00277458;
			productRefGroup = 2A675CB7223AF6ED00277458 /* Products */;
			projectDirPath = "";
			projectRoot = "";
			targets = (
				2A675CB5223AF6ED00277458 /* The Northwest Programming Contest */,
			);
		};
/* End PBXProject section */

/* Begin PBXResourcesBuildPhase section */
		2A675CB4223AF6ED00277458 /* Resources */ = {
			isa = PBXResourcesBuildPhase;
			buildActionMask = 2147483647;
			files = (
				2A675CC6223AF6EE00277458 /* LaunchScreen.storyboard in Resources */,
				2A675CC3223AF6EE00277458 /* Assets.xcassets in Resources */,
				2A675CC1223AF6ED00277458 /* Main.storyboard in Resources */,
			);
			runOnlyForDeploymentPostprocessing = 0;
		};
/* End PBXResourcesBuildPhase section */

/* Begin PBXSourcesBuildPhase section */
		2A675CB2223AF6ED00277458 /* Sources */ = {
			isa = PBXSourcesBuildPhase;
			buildActionMask = 2147483647;
			files = (
				2A675CBE223AF6ED00277458 /* TeamsTableViewController.swift in Sources */,
				2A7F4D40223B0E8C00E046F8 /* NewSchoolViewController.swift in Sources */,
				2A675CBA223AF6ED00277458 /* AppDelegate.swift in Sources */,
				2A675CBC223AF6ED00277458 /* SchoolsTableViewController.swift in Sources */,
				2A7F4D3C223B0A1C00E046F8 /* StudentsViewController.swift in Sources */,
				2A7F4D3E223B0B4600E046F8 /* NewTeamViewController.swift in Sources */,
				2A7F4D3A223B087500E046F8 /* Models.swift in Sources */,
			);
			runOnlyForDeploymentPostprocessing = 0;
		};
/* End PBXSourcesBuildPhase section */

/* Begin PBXVariantGroup section */
		2A675CBF223AF6ED00277458 /* Main.storyboard */ = {
			isa = PBXVariantGroup;
			children = (
				2A675CC0223AF6ED00277458 /* Base */,
			);
			name = Main.storyboard;
			sourceTree = "<group>";
		};
		2A675CC4223AF6EE00277458 /* LaunchScreen.storyboard */ = {
			isa = PBXVariantGroup;
			children = (
				2A675CC5223AF6EE00277458 /* Base */,
			);
			name = LaunchScreen.storyboard;
			sourceTree = "<group>";
		};
/* End PBXVariantGroup section */

/* Begin XCBuildConfiguration section */
		2A675CC8223AF6EE00277458 /* Debug */ = {
			isa = XCBuildConfiguration;
			buildSettings = {
				ALWAYS_SEARCH_USER_PATHS = NO;
				CLANG_ANALYZER_NONNULL = YES;
				CLANG_ANALYZER_NUMBER_OBJECT_CONVERSION = YES_AGGRESSIVE;
				CLANG_CXX_LANGUAGE_STANDARD = "gnu++14";
				CLANG_CXX_LIBRARY = "libc++";
				CLANG_ENABLE_MODULES = YES;
				CLANG_ENABLE_OBJC_ARC = YES;
				CLANG_ENABLE_OBJC_WEAK = YES;
				CLANG_WARN_BLOCK_CAPTURE_AUTORELEASING = YES;
				CLANG_WARN_BOOL_CONVERSION = YES;
				CLANG_WARN_COMMA = YES;
				CLANG_WARN_CONSTANT_CONVERSION = YES;
				CLANG_WARN_DEPRECATED_OBJC_IMPLEMENTATIONS = YES;
				CLANG_WARN_DIRECT_OBJC_ISA_USAGE = YES_ERROR;
				CLANG_WARN_DOCUMENTATION_COMMENTS = YES;
				CLANG_WARN_EMPTY_BODY = YES;
				CLANG_WARN_ENUM_CONVERSION = YES;
				CLANG_WARN_INFINITE_RECURSION = YES;
				CLANG_WARN_INT_CONVERSION = YES;
				CLANG_WARN_NON_LITERAL_NULL_CONVERSION = YES;
				CLANG_WARN_OBJC_IMPLICIT_RETAIN_SELF = YES;
				CLANG_WARN_OBJC_LITERAL_CONVERSION = YES;
				CLANG_WARN_OBJC_ROOT_CLASS = YES_ERROR;
				CLANG_WARN_RANGE_LOOP_ANALYSIS = YES;
				CLANG_WARN_STRICT_PROTOTYPES = YES;
				CLANG_WARN_SUSPICIOUS_MOVE = YES;
				CLANG_WARN_UNGUARDED_AVAILABILITY = YES_AGGRESSIVE;
				CLANG_WARN_UNREACHABLE_CODE = YES;
				CLANG_WARN__DUPLICATE_METHOD_MATCH = YES;
				CODE_SIGN_IDENTITY = "iPhone Developer";
				COPY_PHASE_STRIP = NO;
				DEBUG_INFORMATION_FORMAT = dwarf;
				ENABLE_STRICT_OBJC_MSGSEND = YES;
				ENABLE_TESTABILITY = YES;
				GCC_C_LANGUAGE_STANDARD = gnu11;
				GCC_DYNAMIC_NO_PIC = NO;
				GCC_NO_COMMON_BLOCKS = YES;
				GCC_OPTIMIZATION_LEVEL = 0;
				GCC_PREPROCESSOR_DEFINITIONS = (
					"DEBUG=1",
					"$(inherited)",
				);
				GCC_WARN_64_TO_32_BIT_CONVERSION = YES;
				GCC_WARN_ABOUT_RETURN_TYPE = YES_ERROR;
				GCC_WARN_UNDECLARED_SELECTOR = YES;
				GCC_WARN_UNINITIALIZED_AUTOS = YES_AGGRESSIVE;
				GCC_WARN_UNUSED_FUNCTION = YES;
				GCC_WARN_UNUSED_VARIABLE = YES;
				IPHONEOS_DEPLOYMENT_TARGET = 12.1;
				MTL_ENABLE_DEBUG_INFO = INCLUDE_SOURCE;
				MTL_FAST_MATH = YES;
				ONLY_ACTIVE_ARCH = YES;
				SDKROOT = iphoneos;
				SWIFT_ACTIVE_COMPILATION_CONDITIONS = DEBUG;
				SWIFT_OPTIMIZATION_LEVEL = "-Onone";
			};
			name = Debug;
		};
		2A675CC9223AF6EE00277458 /* Release */ = {
			isa = XCBuildConfiguration;
			buildSettings = {
				ALWAYS_SEARCH_USER_PATHS = NO;
				CLANG_ANALYZER_NONNULL = YES;
				CLANG_ANALYZER_NUMBER_OBJECT_CONVERSION = YES_AGGRESSIVE;
				CLANG_CXX_LANGUAGE_STANDARD = "gnu++14";
				CLANG_CXX_LIBRARY = "libc++";
				CLANG_ENABLE_MODULES = YES;
				CLANG_ENABLE_OBJC_ARC = YES;
				CLANG_ENABLE_OBJC_WEAK = YES;
				CLANG_WARN_BLOCK_CAPTURE_AUTORELEASING = YES;
				CLANG_WARN_BOOL_CONVERSION = YES;
				CLANG_WARN_COMMA = YES;
				CLANG_WARN_CONSTANT_CONVERSION = YES;
				CLANG_WARN_DEPRECATED_OBJC_IMPLEMENTATIONS = YES;
				CLANG_WARN_DIRECT_OBJC_ISA_USAGE = YES_ERROR;
				CLANG_WARN_DOCUMENTATION_COMMENTS = YES;
				CLANG_WARN_EMPTY_BODY = YES;
				CLANG_WARN_ENUM_CONVERSION = YES;
				CLANG_WARN_INFINITE_RECURSION = YES;
				CLANG_WARN_INT_CONVERSION = YES;
				CLANG_WARN_NON_LITERAL_NULL_CONVERSION = YES;
				CLANG_WARN_OBJC_IMPLICIT_RETAIN_SELF = YES;
				CLANG_WARN_OBJC_LITERAL_CONVERSION = YES;
				CLANG_WARN_OBJC_ROOT_CLASS = YES_ERROR;
				CLANG_WARN_RANGE_LOOP_ANALYSIS = YES;
				CLANG_WARN_STRICT_PROTOTYPES = YES;
				CLANG_WARN_SUSPICIOUS_MOVE = YES;
				CLANG_WARN_UNGUARDED_AVAILABILITY = YES_AGGRESSIVE;
				CLANG_WARN_UNREACHABLE_CODE = YES;
				CLANG_WARN__DUPLICATE_METHOD_MATCH = YES;
				CODE_SIGN_IDENTITY = "iPhone Developer";
				COPY_PHASE_STRIP = NO;
				DEBUG_INFORMATION_FORMAT = "dwarf-with-dsym";
				ENABLE_NS_ASSERTIONS = NO;
				ENABLE_STRICT_OBJC_MSGSEND = YES;
				GCC_C_LANGUAGE_STANDARD = gnu11;
				GCC_NO_COMMON_BLOCKS = YES;
				GCC_WARN_64_TO_32_BIT_CONVERSION = YES;
				GCC_WARN_ABOUT_RETURN_TYPE = YES_ERROR;
				GCC_WARN_UNDECLARED_SELECTOR = YES;
				GCC_WARN_UNINITIALIZED_AUTOS = YES_AGGRESSIVE;
				GCC_WARN_UNUSED_FUNCTION = YES;
				GCC_WARN_UNUSED_VARIABLE = YES;
				IPHONEOS_DEPLOYMENT_TARGET = 12.1;
				MTL_ENABLE_DEBUG_INFO = NO;
				MTL_FAST_MATH = YES;
				SDKROOT = iphoneos;
				SWIFT_COMPILATION_MODE = wholemodule;
				SWIFT_OPTIMIZATION_LEVEL = "-O";
				VALIDATE_PRODUCT = YES;
			};
			name = Release;
		};
		2A675CCB223AF6EE00277458 /* Debug */ = {
			isa = XCBuildConfiguration;
			buildSettings = {
				ASSETCATALOG_COMPILER_APPICON_NAME = AppIcon;
				CODE_SIGN_STYLE = Automatic;
				INFOPLIST_FILE = "The Northwest Programming Contest/Info.plist";
				LD_RUNPATH_SEARCH_PATHS = (
					"$(inherited)",
					"@executable_path/Frameworks",
				);
				PRODUCT_BUNDLE_IDENTIFIER = "edu.nwmissouri.The-Northwest-Programming-Contest";
				PRODUCT_NAME = "$(TARGET_NAME)";
				SWIFT_VERSION = 4.2;
				TARGETED_DEVICE_FAMILY = "1,2";
			};
			name = Debug;
		};
		2A675CCC223AF6EE00277458 /* Release */ = {
			isa = XCBuildConfiguration;
			buildSettings = {
				ASSETCATALOG_COMPILER_APPICON_NAME = AppIcon;
				CODE_SIGN_STYLE = Automatic;
				INFOPLIST_FILE = "The Northwest Programming Contest/Info.plist";
				LD_RUNPATH_SEARCH_PATHS = (
					"$(inherited)",
					"@executable_path/Frameworks",
				);
				PRODUCT_BUNDLE_IDENTIFIER = "edu.nwmissouri.The-Northwest-Programming-Contest";
				PRODUCT_NAME = "$(TARGET_NAME)";
				SWIFT_VERSION = 4.2;
				TARGETED_DEVICE_FAMILY = "1,2";
			};
			name = Release;
		};
/* End XCBuildConfiguration section */

/* Begin XCConfigurationList section */
		2A675CB1223AF6ED00277458 /* Build configuration list for PBXProject "The Northwest Programming Contest" */ = {
			isa = XCConfigurationList;
			buildConfigurations = (
				2A675CC8223AF6EE00277458 /* Debug */,
				2A675CC9223AF6EE00277458 /* Release */,
			);
			defaultConfigurationIsVisible = 0;
			defaultConfigurationName = Release;
		};
		2A675CCA223AF6EE00277458 /* Build configuration list for PBXNativeTarget "The Northwest Programming Contest" */ = {
			isa = XCConfigurationList;
			buildConfigurations = (
				2A675CCB223AF6EE00277458 /* Debug */,
				2A675CCC223AF6EE00277458 /* Release */,
			);
			defaultConfigurationIsVisible = 0;
			defaultConfigurationName = Release;
		};
/* End XCConfigurationList section */
	};
	rootObject = 2A675CAE223AF6ED00277458 /* Project object */;
}
